{
  "version": 4,
  "terraform_version": "1.0.2",
  "serial": 501,
  "lineage": "4df29c89-7f36-d6a1-6965-be2ee1137701",
  "outputs": {},
  "resources": [
    {
      "mode": "managed",
      "type": "azurerm_linux_virtual_machine",
      "name": "VM1",
      "provider": "provider[\"registry.terraform.io/hashicorp/azurerm\"]",
      "instances": [
        {
          "schema_version": 0,
          "attributes": {
            "additional_capabilities": [],
            "admin_password": null,
            "admin_ssh_key": [
              {
                "public_key": "ssh-rsa AAAAB3NzaC1yc2EAAAADAQABAAACAQCnHTDZJE6zYECXLfeMVaQCuO3CLfe8WDWm7Yph6C3XWOIFjbR5+Ku24F8gqiadvZpJizWsaMRzMTvNHIZ7fPweL2F5bSXyhxRHx6i+YW2ONASEUbOZkFBwtHmiyD0Ui2tTc3Yp9bwgPn2Wcm65TZd5/QdBkTgBz6pmDMmcA8toEMXlkCC7Hs+QsFB2+EbddhHx0FmDnFFYaopwGygbbKa9iZEY9HiWzMm2uEG0TmFSPPmWpSM632vr0DValDoFVrnEgRUpzyPIVOgwZdxakBJWhqu3klLacgyR2tmDuJqNXyA2s+/o9Jh3sEn0j/0qJWq+JtcWNnm/9ApwK7+60xFiIQksbGKCz0D82Tb+R6+0r/eDx8B6Zzh17Vux00LR46F3Az97mV8lpp20Ei2nX4iVpgwok2dQa26gV76yj9PEcCcFocqJHDBrpMhQ0Z4Z1JwbPA5C0fIErZxNP6j0MFTElqXvr+utTVdW8KumJE+WxLYiH2T6UofxwBVSz+9MNBWQgluFWPW5RfVEJYR2G8rhCP3M77uMcXqQpkSM7FwrcCbtW0Qzx5in+muQgPL1ruN7f7tA+Y0UxoiiOg36A4aXYWu11BE+Rbpvx15SYVjaSFZpdhH70/vHWt/e2/JHkJCTwMZ7a/l/s6QNf1t2cJvsGO8hccZdTOD0oxBfYeXkPQ== roberto@cc-720c7841-85c7555b8-fkkg5\n",
                "username": "adminUsername"
              }
            ],
            "admin_username": "adminUsername",
            "allow_extension_operations": true,
            "availability_set_id": "",
            "boot_diagnostics": [
              {
                "storage_account_uri": "https://staccountrober.blob.core.windows.net/"
              }
            ],
            "computer_name": "my-first-azure-vm",
            "custom_data": null,
            "dedicated_host_id": "",
            "disable_password_authentication": true,
            "encryption_at_host_enabled": false,
            "eviction_policy": "",
            "extensions_time_budget": "PT1H30M",
            "id": "/subscriptions/0b73c45e-7ac8-4136-ae30-ce1064834096/resourceGroups/kubernetes_rg/providers/Microsoft.Compute/virtualMachines/my-first-azure-vm",
            "identity": [],
            "location": "westeurope",
            "max_bid_price": -1,
            "name": "my-first-azure-vm",
            "network_interface_ids": [
              "/subscriptions/0b73c45e-7ac8-4136-ae30-ce1064834096/resourceGroups/kubernetes_rg/providers/Microsoft.Network/networkInterfaces/vmnic1"
            ],
            "os_disk": [
              {
                "caching": "ReadWrite",
                "diff_disk_settings": [],
                "disk_encryption_set_id": "",
                "disk_size_gb": 30,
                "name": "my-first-azure-vm_OsDisk_1_be903e549d1e46d39119d5fe57c2978f",
                "storage_account_type": "Standard_LRS",
                "write_accelerator_enabled": false
              }
            ],
            "plan": [
              {
                "name": "centos-8-stream-free",
                "product": "centos-8-stream-free",
                "publisher": "cognosys"
              }
            ],
            "priority": "Regular",
            "private_ip_address": "10.0.1.10",
            "private_ip_addresses": [
              "10.0.1.10"
            ],
            "provision_vm_agent": true,
            "proximity_placement_group_id": "",
            "public_ip_address": "40.68.63.72",
            "public_ip_addresses": [
              "40.68.63.72"
            ],
            "resource_group_name": "kubernetes_rg",
            "secret": [],
            "size": "Standard_D2_v2",
            "source_image_id": "",
            "source_image_reference": [
              {
                "offer": "centos-8-stream-free",
                "publisher": "cognosys",
                "sku": "centos-8-stream-free",
                "version": "1.2019.0810"
              }
            ],
            "tags": {
              "environment": "CP2"
            },
            "timeouts": null,
            "virtual_machine_id": "b10950f8-ecc6-4a81-8831-9f96221d4b40",
            "virtual_machine_scale_set_id": "",
            "zone": ""
          },
          "sensitive_attributes": [],
          "private": "eyJlMmJmYjczMC1lY2FhLTExZTYtOGY4OC0zNDM2M2JjN2M0YzAiOnsiY3JlYXRlIjoyNzAwMDAwMDAwMDAwLCJkZWxldGUiOjI3MDAwMDAwMDAwMDAsInJlYWQiOjMwMDAwMDAwMDAwMCwidXBkYXRlIjoyNzAwMDAwMDAwMDAwfX0=",
          "dependencies": [
            "azurerm_network_interface.Nic1",
            "azurerm_public_ip.PublicIp1",
            "azurerm_resource_group.rg",
            "azurerm_storage_account.stAccount",
            "azurerm_subnet.Subnet",
            "azurerm_virtual_network.Net"
          ]
        }
      ]
    },
    {
      "mode": "managed",
      "type": "azurerm_linux_virtual_machine",
      "name": "VM2",
      "provider": "provider[\"registry.terraform.io/hashicorp/azurerm\"]",
      "instances": [
        {
          "schema_version": 0,
          "attributes": {
            "additional_capabilities": [],
            "admin_password": null,
            "admin_ssh_key": [
              {
                "public_key": "ssh-rsa AAAAB3NzaC1yc2EAAAADAQABAAACAQCnHTDZJE6zYECXLfeMVaQCuO3CLfe8WDWm7Yph6C3XWOIFjbR5+Ku24F8gqiadvZpJizWsaMRzMTvNHIZ7fPweL2F5bSXyhxRHx6i+YW2ONASEUbOZkFBwtHmiyD0Ui2tTc3Yp9bwgPn2Wcm65TZd5/QdBkTgBz6pmDMmcA8toEMXlkCC7Hs+QsFB2+EbddhHx0FmDnFFYaopwGygbbKa9iZEY9HiWzMm2uEG0TmFSPPmWpSM632vr0DValDoFVrnEgRUpzyPIVOgwZdxakBJWhqu3klLacgyR2tmDuJqNXyA2s+/o9Jh3sEn0j/0qJWq+JtcWNnm/9ApwK7+60xFiIQksbGKCz0D82Tb+R6+0r/eDx8B6Zzh17Vux00LR46F3Az97mV8lpp20Ei2nX4iVpgwok2dQa26gV76yj9PEcCcFocqJHDBrpMhQ0Z4Z1JwbPA5C0fIErZxNP6j0MFTElqXvr+utTVdW8KumJE+WxLYiH2T6UofxwBVSz+9MNBWQgluFWPW5RfVEJYR2G8rhCP3M77uMcXqQpkSM7FwrcCbtW0Qzx5in+muQgPL1ruN7f7tA+Y0UxoiiOg36A4aXYWu11BE+Rbpvx15SYVjaSFZpdhH70/vHWt/e2/JHkJCTwMZ7a/l/s6QNf1t2cJvsGO8hccZdTOD0oxBfYeXkPQ== roberto@cc-720c7841-85c7555b8-fkkg5\n",
                "username": "adminUsername"
              }
            ],
            "admin_username": "adminUsername",
            "allow_extension_operations": true,
            "availability_set_id": "",
            "boot_diagnostics": [
              {
                "storage_account_uri": "https://staccountrober.blob.core.windows.net/"
              }
            ],
            "computer_name": "my-second-azure-vm",
            "custom_data": null,
            "dedicated_host_id": "",
            "disable_password_authentication": true,
            "encryption_at_host_enabled": false,
            "eviction_policy": "",
            "extensions_time_budget": "PT1H30M",
            "id": "/subscriptions/0b73c45e-7ac8-4136-ae30-ce1064834096/resourceGroups/kubernetes_rg/providers/Microsoft.Compute/virtualMachines/my-second-azure-vm",
            "identity": [],
            "location": "westeurope",
            "max_bid_price": -1,
            "name": "my-second-azure-vm",
            "network_interface_ids": [
              "/subscriptions/0b73c45e-7ac8-4136-ae30-ce1064834096/resourceGroups/kubernetes_rg/providers/Microsoft.Network/networkInterfaces/vmnic2"
            ],
            "os_disk": [
              {
                "caching": "ReadWrite",
                "diff_disk_settings": [],
                "disk_encryption_set_id": "",
                "disk_size_gb": 30,
                "name": "my-second-azure-vm_OsDisk_1_3f560800739f41a0958bc8dafdabd16d",
                "storage_account_type": "Standard_LRS",
                "write_accelerator_enabled": false
              }
            ],
            "plan": [
              {
                "name": "centos-8-stream-free",
                "product": "centos-8-stream-free",
                "publisher": "cognosys"
              }
            ],
            "priority": "Regular",
            "private_ip_address": "10.0.1.11",
            "private_ip_addresses": [
              "10.0.1.11"
            ],
            "provision_vm_agent": true,
            "proximity_placement_group_id": "",
            "public_ip_address": "40.68.57.239",
            "public_ip_addresses": [
              "40.68.57.239"
            ],
            "resource_group_name": "kubernetes_rg",
            "secret": [],
            "size": "Standard_D1_v2",
            "source_image_id": "",
            "source_image_reference": [
              {
                "offer": "centos-8-stream-free",
                "publisher": "cognosys",
                "sku": "centos-8-stream-free",
                "version": "1.2019.0810"
              }
            ],
            "tags": {
              "environment": "CP2"
            },
            "timeouts": null,
            "virtual_machine_id": "733b30b3-7908-4468-975f-e0039c2aef6c",
            "virtual_machine_scale_set_id": "",
            "zone": ""
          },
          "sensitive_attributes": [],
          "private": "eyJlMmJmYjczMC1lY2FhLTExZTYtOGY4OC0zNDM2M2JjN2M0YzAiOnsiY3JlYXRlIjoyNzAwMDAwMDAwMDAwLCJkZWxldGUiOjI3MDAwMDAwMDAwMDAsInJlYWQiOjMwMDAwMDAwMDAwMCwidXBkYXRlIjoyNzAwMDAwMDAwMDAwfX0=",
          "dependencies": [
            "azurerm_network_interface.Nic2",
            "azurerm_public_ip.PublicIp2",
            "azurerm_resource_group.rg",
            "azurerm_storage_account.stAccount",
            "azurerm_subnet.Subnet",
            "azurerm_virtual_network.Net"
          ]
        }
      ]
    },
    {
      "mode": "managed",
      "type": "azurerm_linux_virtual_machine",
      "name": "VM3",
      "provider": "provider[\"registry.terraform.io/hashicorp/azurerm\"]",
      "instances": [
        {
          "schema_version": 0,
          "attributes": {
            "additional_capabilities": [],
            "admin_password": null,
            "admin_ssh_key": [
              {
                "public_key": "ssh-rsa AAAAB3NzaC1yc2EAAAADAQABAAACAQCnHTDZJE6zYECXLfeMVaQCuO3CLfe8WDWm7Yph6C3XWOIFjbR5+Ku24F8gqiadvZpJizWsaMRzMTvNHIZ7fPweL2F5bSXyhxRHx6i+YW2ONASEUbOZkFBwtHmiyD0Ui2tTc3Yp9bwgPn2Wcm65TZd5/QdBkTgBz6pmDMmcA8toEMXlkCC7Hs+QsFB2+EbddhHx0FmDnFFYaopwGygbbKa9iZEY9HiWzMm2uEG0TmFSPPmWpSM632vr0DValDoFVrnEgRUpzyPIVOgwZdxakBJWhqu3klLacgyR2tmDuJqNXyA2s+/o9Jh3sEn0j/0qJWq+JtcWNnm/9ApwK7+60xFiIQksbGKCz0D82Tb+R6+0r/eDx8B6Zzh17Vux00LR46F3Az97mV8lpp20Ei2nX4iVpgwok2dQa26gV76yj9PEcCcFocqJHDBrpMhQ0Z4Z1JwbPA5C0fIErZxNP6j0MFTElqXvr+utTVdW8KumJE+WxLYiH2T6UofxwBVSz+9MNBWQgluFWPW5RfVEJYR2G8rhCP3M77uMcXqQpkSM7FwrcCbtW0Qzx5in+muQgPL1ruN7f7tA+Y0UxoiiOg36A4aXYWu11BE+Rbpvx15SYVjaSFZpdhH70/vHWt/e2/JHkJCTwMZ7a/l/s6QNf1t2cJvsGO8hccZdTOD0oxBfYeXkPQ== roberto@cc-720c7841-85c7555b8-fkkg5\n",
                "username": "adminUsername"
              }
            ],
            "admin_username": "adminUsername",
            "allow_extension_operations": true,
            "availability_set_id": "",
            "boot_diagnostics": [
              {
                "storage_account_uri": "https://staccountrober.blob.core.windows.net/"
              }
            ],
            "computer_name": "my-third-azure-vm",
            "custom_data": null,
            "dedicated_host_id": "",
            "disable_password_authentication": true,
            "encryption_at_host_enabled": false,
            "eviction_policy": "",
            "extensions_time_budget": "PT1H30M",
            "id": "/subscriptions/0b73c45e-7ac8-4136-ae30-ce1064834096/resourceGroups/kubernetes_rg/providers/Microsoft.Compute/virtualMachines/my-third-azure-vm",
            "identity": [],
            "location": "westeurope",
            "max_bid_price": -1,
            "name": "my-third-azure-vm",
            "network_interface_ids": [
              "/subscriptions/0b73c45e-7ac8-4136-ae30-ce1064834096/resourceGroups/kubernetes_rg/providers/Microsoft.Network/networkInterfaces/vmnic3"
            ],
            "os_disk": [
              {
                "caching": "ReadWrite",
                "diff_disk_settings": [],
                "disk_encryption_set_id": "",
                "disk_size_gb": 30,
                "name": "my-third-azure-vm_OsDisk_1_00f44a42778945c6ac9b7565a64c3dba",
                "storage_account_type": "Standard_LRS",
                "write_accelerator_enabled": false
              }
            ],
            "plan": [
              {
                "name": "centos-8-stream-free",
                "product": "centos-8-stream-free",
                "publisher": "cognosys"
              }
            ],
            "priority": "Regular",
            "private_ip_address": "10.0.1.12",
            "private_ip_addresses": [
              "10.0.1.12"
            ],
            "provision_vm_agent": true,
            "proximity_placement_group_id": "",
            "public_ip_address": "40.68.57.242",
            "public_ip_addresses": [
              "40.68.57.242"
            ],
            "resource_group_name": "kubernetes_rg",
            "secret": [],
            "size": "Standard_D1_v2",
            "source_image_id": "",
            "source_image_reference": [
              {
                "offer": "centos-8-stream-free",
                "publisher": "cognosys",
                "sku": "centos-8-stream-free",
                "version": "1.2019.0810"
              }
            ],
            "tags": {
              "environment": "CP2"
            },
            "timeouts": null,
            "virtual_machine_id": "f568d041-6697-4605-a478-d6fbca8cecc8",
            "virtual_machine_scale_set_id": "",
            "zone": ""
          },
          "sensitive_attributes": [],
          "private": "eyJlMmJmYjczMC1lY2FhLTExZTYtOGY4OC0zNDM2M2JjN2M0YzAiOnsiY3JlYXRlIjoyNzAwMDAwMDAwMDAwLCJkZWxldGUiOjI3MDAwMDAwMDAwMDAsInJlYWQiOjMwMDAwMDAwMDAwMCwidXBkYXRlIjoyNzAwMDAwMDAwMDAwfX0=",
          "dependencies": [
            "azurerm_network_interface.Nic3",
            "azurerm_public_ip.PublicIp3",
            "azurerm_resource_group.rg",
            "azurerm_storage_account.stAccount",
            "azurerm_subnet.Subnet",
            "azurerm_virtual_network.Net"
          ]
        }
      ]
    },
    {
      "mode": "managed",
      "type": "azurerm_managed_disk",
      "name": "source",
      "provider": "provider[\"registry.terraform.io/hashicorp/azurerm\"]",
      "instances": [
        {
          "schema_version": 0,
          "attributes": {
            "create_option": "Empty",
            "disk_encryption_set_id": "",
            "disk_iops_read_write": 500,
            "disk_mbps_read_write": 60,
            "disk_size_gb": 20,
            "encryption_settings": [],
            "id": "/subscriptions/0b73c45e-7ac8-4136-ae30-ce1064834096/resourceGroups/kubernetes_rg/providers/Microsoft.Compute/disks/sdc",
            "image_reference_id": "",
            "location": "westeurope",
            "name": "sdc",
            "os_type": "",
            "resource_group_name": "kubernetes_rg",
            "source_resource_id": "",
            "source_uri": "",
            "storage_account_id": "",
            "storage_account_type": "Standard_LRS",
            "tags": {
              "environment": "CP2"
            },
            "timeouts": null,
            "zones": null
          },
          "sensitive_attributes": [],
          "private": "eyJlMmJmYjczMC1lY2FhLTExZTYtOGY4OC0zNDM2M2JjN2M0YzAiOnsiY3JlYXRlIjoxODAwMDAwMDAwMDAwLCJkZWxldGUiOjE4MDAwMDAwMDAwMDAsInJlYWQiOjMwMDAwMDAwMDAwMCwidXBkYXRlIjoxODAwMDAwMDAwMDAwfX0=",
          "dependencies": [
            "azurerm_resource_group.rg"
          ]
        }
      ]
    },
    {
      "mode": "managed",
      "type": "azurerm_network_interface",
      "name": "Nic1",
      "provider": "provider[\"registry.terraform.io/hashicorp/azurerm\"]",
      "instances": [
        {
          "schema_version": 0,
          "attributes": {
            "applied_dns_servers": [],
            "dns_servers": [],
            "enable_accelerated_networking": false,
            "enable_ip_forwarding": false,
            "id": "/subscriptions/0b73c45e-7ac8-4136-ae30-ce1064834096/resourceGroups/kubernetes_rg/providers/Microsoft.Network/networkInterfaces/vmnic1",
            "internal_dns_name_label": "",
            "internal_domain_name_suffix": "z4az01moc2fu5fy1od3homfpqf.ax.internal.cloudapp.net",
            "ip_configuration": [
              {
                "name": "ipconfiguration1",
                "primary": true,
                "private_ip_address": "10.0.1.10",
                "private_ip_address_allocation": "Static",
                "private_ip_address_version": "IPv4",
                "public_ip_address_id": "/subscriptions/0b73c45e-7ac8-4136-ae30-ce1064834096/resourceGroups/kubernetes_rg/providers/Microsoft.Network/publicIPAddresses/vmip1",
                "subnet_id": "/subscriptions/0b73c45e-7ac8-4136-ae30-ce1064834096/resourceGroups/kubernetes_rg/providers/Microsoft.Network/virtualNetworks/kubernetesnet/subnets/terraformsubnet"
              }
            ],
            "location": "westeurope",
            "mac_address": "",
            "name": "vmnic1",
            "private_ip_address": "10.0.1.10",
            "private_ip_addresses": [
              "10.0.1.10"
            ],
            "resource_group_name": "kubernetes_rg",
            "tags": {
              "environment": "CP2"
            },
            "timeouts": null,
            "virtual_machine_id": ""
          },
          "sensitive_attributes": [],
          "private": "eyJlMmJmYjczMC1lY2FhLTExZTYtOGY4OC0zNDM2M2JjN2M0YzAiOnsiY3JlYXRlIjoxODAwMDAwMDAwMDAwLCJkZWxldGUiOjE4MDAwMDAwMDAwMDAsInJlYWQiOjMwMDAwMDAwMDAwMCwidXBkYXRlIjoxODAwMDAwMDAwMDAwfX0=",
          "dependencies": [
            "azurerm_public_ip.PublicIp1",
            "azurerm_resource_group.rg",
            "azurerm_subnet.Subnet",
            "azurerm_virtual_network.Net"
          ]
        }
      ]
    },
    {
      "mode": "managed",
      "type": "azurerm_network_interface",
      "name": "Nic2",
      "provider": "provider[\"registry.terraform.io/hashicorp/azurerm\"]",
      "instances": [
        {
          "schema_version": 0,
          "attributes": {
            "applied_dns_servers": [],
            "dns_servers": [],
            "enable_accelerated_networking": false,
            "enable_ip_forwarding": false,
            "id": "/subscriptions/0b73c45e-7ac8-4136-ae30-ce1064834096/resourceGroups/kubernetes_rg/providers/Microsoft.Network/networkInterfaces/vmnic2",
            "internal_dns_name_label": "",
            "internal_domain_name_suffix": "z4az01moc2fu5fy1od3homfpqf.ax.internal.cloudapp.net",
            "ip_configuration": [
              {
                "name": "ipconfiguration2",
                "primary": true,
                "private_ip_address": "10.0.1.11",
                "private_ip_address_allocation": "Static",
                "private_ip_address_version": "IPv4",
                "public_ip_address_id": "/subscriptions/0b73c45e-7ac8-4136-ae30-ce1064834096/resourceGroups/kubernetes_rg/providers/Microsoft.Network/publicIPAddresses/vmip2",
                "subnet_id": "/subscriptions/0b73c45e-7ac8-4136-ae30-ce1064834096/resourceGroups/kubernetes_rg/providers/Microsoft.Network/virtualNetworks/kubernetesnet/subnets/terraformsubnet"
              }
            ],
            "location": "westeurope",
            "mac_address": "",
            "name": "vmnic2",
            "private_ip_address": "10.0.1.11",
            "private_ip_addresses": [
              "10.0.1.11"
            ],
            "resource_group_name": "kubernetes_rg",
            "tags": {
              "environment": "CP2"
            },
            "timeouts": null,
            "virtual_machine_id": ""
          },
          "sensitive_attributes": [],
          "private": "eyJlMmJmYjczMC1lY2FhLTExZTYtOGY4OC0zNDM2M2JjN2M0YzAiOnsiY3JlYXRlIjoxODAwMDAwMDAwMDAwLCJkZWxldGUiOjE4MDAwMDAwMDAwMDAsInJlYWQiOjMwMDAwMDAwMDAwMCwidXBkYXRlIjoxODAwMDAwMDAwMDAwfX0=",
          "dependencies": [
            "azurerm_public_ip.PublicIp2",
            "azurerm_resource_group.rg",
            "azurerm_subnet.Subnet",
            "azurerm_virtual_network.Net"
          ]
        }
      ]
    },
    {
      "mode": "managed",
      "type": "azurerm_network_interface",
      "name": "Nic3",
      "provider": "provider[\"registry.terraform.io/hashicorp/azurerm\"]",
      "instances": [
        {
          "schema_version": 0,
          "attributes": {
            "applied_dns_servers": [],
            "dns_servers": [],
            "enable_accelerated_networking": false,
            "enable_ip_forwarding": false,
            "id": "/subscriptions/0b73c45e-7ac8-4136-ae30-ce1064834096/resourceGroups/kubernetes_rg/providers/Microsoft.Network/networkInterfaces/vmnic3",
            "internal_dns_name_label": "",
            "internal_domain_name_suffix": "z4az01moc2fu5fy1od3homfpqf.ax.internal.cloudapp.net",
            "ip_configuration": [
              {
                "name": "ipconfiguration3",
                "primary": true,
                "private_ip_address": "10.0.1.12",
                "private_ip_address_allocation": "Static",
                "private_ip_address_version": "IPv4",
                "public_ip_address_id": "/subscriptions/0b73c45e-7ac8-4136-ae30-ce1064834096/resourceGroups/kubernetes_rg/providers/Microsoft.Network/publicIPAddresses/vmip3",
                "subnet_id": "/subscriptions/0b73c45e-7ac8-4136-ae30-ce1064834096/resourceGroups/kubernetes_rg/providers/Microsoft.Network/virtualNetworks/kubernetesnet/subnets/terraformsubnet"
              }
            ],
            "location": "westeurope",
            "mac_address": "",
            "name": "vmnic3",
            "private_ip_address": "10.0.1.12",
            "private_ip_addresses": [
              "10.0.1.12"
            ],
            "resource_group_name": "kubernetes_rg",
            "tags": {
              "environment": "CP2"
            },
            "timeouts": null,
            "virtual_machine_id": ""
          },
          "sensitive_attributes": [],
          "private": "eyJlMmJmYjczMC1lY2FhLTExZTYtOGY4OC0zNDM2M2JjN2M0YzAiOnsiY3JlYXRlIjoxODAwMDAwMDAwMDAwLCJkZWxldGUiOjE4MDAwMDAwMDAwMDAsInJlYWQiOjMwMDAwMDAwMDAwMCwidXBkYXRlIjoxODAwMDAwMDAwMDAwfX0=",
          "dependencies": [
            "azurerm_public_ip.PublicIp3",
            "azurerm_resource_group.rg",
            "azurerm_subnet.Subnet",
            "azurerm_virtual_network.Net"
          ]
        }
      ]
    },
    {
      "mode": "managed",
      "type": "azurerm_network_interface_security_group_association",
      "name": "SecGroupAssociation1",
      "provider": "provider[\"registry.terraform.io/hashicorp/azurerm\"]",
      "instances": [
        {
          "schema_version": 0,
          "attributes": {
            "id": "/subscriptions/0b73c45e-7ac8-4136-ae30-ce1064834096/resourceGroups/kubernetes_rg/providers/Microsoft.Network/networkInterfaces/vmnic1|/subscriptions/0b73c45e-7ac8-4136-ae30-ce1064834096/resourceGroups/kubernetes_rg/providers/Microsoft.Network/networkSecurityGroups/sshtraffic",
            "network_interface_id": "/subscriptions/0b73c45e-7ac8-4136-ae30-ce1064834096/resourceGroups/kubernetes_rg/providers/Microsoft.Network/networkInterfaces/vmnic1",
            "network_security_group_id": "/subscriptions/0b73c45e-7ac8-4136-ae30-ce1064834096/resourceGroups/kubernetes_rg/providers/Microsoft.Network/networkSecurityGroups/sshtraffic",
            "timeouts": null
          },
          "sensitive_attributes": [],
          "private": "eyJlMmJmYjczMC1lY2FhLTExZTYtOGY4OC0zNDM2M2JjN2M0YzAiOnsiY3JlYXRlIjoxODAwMDAwMDAwMDAwLCJkZWxldGUiOjE4MDAwMDAwMDAwMDAsInJlYWQiOjMwMDAwMDAwMDAwMCwidXBkYXRlIjoxODAwMDAwMDAwMDAwfX0=",
          "dependencies": [
            "azurerm_network_interface.Nic1",
            "azurerm_network_security_group.SecGroup",
            "azurerm_public_ip.PublicIp1",
            "azurerm_resource_group.rg",
            "azurerm_subnet.Subnet",
            "azurerm_virtual_network.Net"
          ]
        }
      ]
    },
    {
      "mode": "managed",
      "type": "azurerm_network_interface_security_group_association",
      "name": "SecGroupAssociation2",
      "provider": "provider[\"registry.terraform.io/hashicorp/azurerm\"]",
      "instances": [
        {
          "schema_version": 0,
          "attributes": {
            "id": "/subscriptions/0b73c45e-7ac8-4136-ae30-ce1064834096/resourceGroups/kubernetes_rg/providers/Microsoft.Network/networkInterfaces/vmnic2|/subscriptions/0b73c45e-7ac8-4136-ae30-ce1064834096/resourceGroups/kubernetes_rg/providers/Microsoft.Network/networkSecurityGroups/sshtraffic",
            "network_interface_id": "/subscriptions/0b73c45e-7ac8-4136-ae30-ce1064834096/resourceGroups/kubernetes_rg/providers/Microsoft.Network/networkInterfaces/vmnic2",
            "network_security_group_id": "/subscriptions/0b73c45e-7ac8-4136-ae30-ce1064834096/resourceGroups/kubernetes_rg/providers/Microsoft.Network/networkSecurityGroups/sshtraffic",
            "timeouts": null
          },
          "sensitive_attributes": [],
          "private": "eyJlMmJmYjczMC1lY2FhLTExZTYtOGY4OC0zNDM2M2JjN2M0YzAiOnsiY3JlYXRlIjoxODAwMDAwMDAwMDAwLCJkZWxldGUiOjE4MDAwMDAwMDAwMDAsInJlYWQiOjMwMDAwMDAwMDAwMCwidXBkYXRlIjoxODAwMDAwMDAwMDAwfX0=",
          "dependencies": [
            "azurerm_network_interface.Nic2",
            "azurerm_network_security_group.SecGroup2",
            "azurerm_public_ip.PublicIp2",
            "azurerm_resource_group.rg",
            "azurerm_subnet.Subnet",
            "azurerm_virtual_network.Net"
          ]
        }
      ]
    },
    {
      "mode": "managed",
      "type": "azurerm_network_interface_security_group_association",
      "name": "SecGroupAssociation3",
      "provider": "provider[\"registry.terraform.io/hashicorp/azurerm\"]",
      "instances": [
        {
          "schema_version": 0,
          "attributes": {
            "id": "/subscriptions/0b73c45e-7ac8-4136-ae30-ce1064834096/resourceGroups/kubernetes_rg/providers/Microsoft.Network/networkInterfaces/vmnic3|/subscriptions/0b73c45e-7ac8-4136-ae30-ce1064834096/resourceGroups/kubernetes_rg/providers/Microsoft.Network/networkSecurityGroups/sshtraffic",
            "network_interface_id": "/subscriptions/0b73c45e-7ac8-4136-ae30-ce1064834096/resourceGroups/kubernetes_rg/providers/Microsoft.Network/networkInterfaces/vmnic3",
            "network_security_group_id": "/subscriptions/0b73c45e-7ac8-4136-ae30-ce1064834096/resourceGroups/kubernetes_rg/providers/Microsoft.Network/networkSecurityGroups/sshtraffic",
            "timeouts": null
          },
          "sensitive_attributes": [],
          "private": "eyJlMmJmYjczMC1lY2FhLTExZTYtOGY4OC0zNDM2M2JjN2M0YzAiOnsiY3JlYXRlIjoxODAwMDAwMDAwMDAwLCJkZWxldGUiOjE4MDAwMDAwMDAwMDAsInJlYWQiOjMwMDAwMDAwMDAwMCwidXBkYXRlIjoxODAwMDAwMDAwMDAwfX0=",
          "dependencies": [
            "azurerm_network_interface.Nic3",
            "azurerm_network_security_group.SecGroup3",
            "azurerm_public_ip.PublicIp3",
            "azurerm_resource_group.rg",
            "azurerm_subnet.Subnet",
            "azurerm_virtual_network.Net"
          ]
        }
      ]
    },
    {
      "mode": "managed",
      "type": "azurerm_network_security_group",
      "name": "SecGroup",
      "provider": "provider[\"registry.terraform.io/hashicorp/azurerm\"]",
      "instances": [
        {
          "schema_version": 0,
          "attributes": {
            "id": "/subscriptions/0b73c45e-7ac8-4136-ae30-ce1064834096/resourceGroups/kubernetes_rg/providers/Microsoft.Network/networkSecurityGroups/sshtraffic",
            "location": "westeurope",
            "name": "sshtraffic",
            "resource_group_name": "kubernetes_rg",
            "security_rule": [
              {
                "access": "Allow",
                "description": "",
                "destination_address_prefix": "*",
                "destination_address_prefixes": [],
                "destination_application_security_group_ids": [],
                "destination_port_range": "22",
                "destination_port_ranges": [],
                "direction": "Inbound",
                "name": "SSH",
                "priority": 1001,
                "protocol": "Tcp",
                "source_address_prefix": "*",
                "source_address_prefixes": [],
                "source_application_security_group_ids": [],
                "source_port_range": "*",
                "source_port_ranges": []
              }
            ],
            "tags": {
              "environment": "CP2"
            },
            "timeouts": null
          },
          "sensitive_attributes": [],
          "private": "eyJlMmJmYjczMC1lY2FhLTExZTYtOGY4OC0zNDM2M2JjN2M0YzAiOnsiY3JlYXRlIjoxODAwMDAwMDAwMDAwLCJkZWxldGUiOjE4MDAwMDAwMDAwMDAsInJlYWQiOjMwMDAwMDAwMDAwMCwidXBkYXRlIjoxODAwMDAwMDAwMDAwfX0=",
          "dependencies": [
            "azurerm_resource_group.rg"
          ]
        }
      ]
    },
    {
      "mode": "managed",
      "type": "azurerm_network_security_group",
      "name": "SecGroup2",
      "provider": "provider[\"registry.terraform.io/hashicorp/azurerm\"]",
      "instances": [
        {
          "schema_version": 0,
          "attributes": {
            "id": "/subscriptions/0b73c45e-7ac8-4136-ae30-ce1064834096/resourceGroups/kubernetes_rg/providers/Microsoft.Network/networkSecurityGroups/sshtraffic",
            "location": "westeurope",
            "name": "sshtraffic",
            "resource_group_name": "kubernetes_rg",
            "security_rule": [
              {
                "access": "Allow",
                "description": "",
                "destination_address_prefix": "*",
                "destination_address_prefixes": [],
                "destination_application_security_group_ids": [],
                "destination_port_range": "22",
                "destination_port_ranges": [],
                "direction": "Inbound",
                "name": "SSH",
                "priority": 1001,
                "protocol": "Tcp",
                "source_address_prefix": "*",
                "source_address_prefixes": [],
                "source_application_security_group_ids": [],
                "source_port_range": "*",
                "source_port_ranges": []
              }
            ],
            "tags": {
              "environment": "CP2"
            },
            "timeouts": null
          },
          "sensitive_attributes": [],
          "private": "eyJlMmJmYjczMC1lY2FhLTExZTYtOGY4OC0zNDM2M2JjN2M0YzAiOnsiY3JlYXRlIjoxODAwMDAwMDAwMDAwLCJkZWxldGUiOjE4MDAwMDAwMDAwMDAsInJlYWQiOjMwMDAwMDAwMDAwMCwidXBkYXRlIjoxODAwMDAwMDAwMDAwfX0=",
          "dependencies": [
            "azurerm_resource_group.rg"
          ]
        }
      ]
    },
    {
      "mode": "managed",
      "type": "azurerm_network_security_group",
      "name": "SecGroup3",
      "provider": "provider[\"registry.terraform.io/hashicorp/azurerm\"]",
      "instances": [
        {
          "schema_version": 0,
          "attributes": {
            "id": "/subscriptions/0b73c45e-7ac8-4136-ae30-ce1064834096/resourceGroups/kubernetes_rg/providers/Microsoft.Network/networkSecurityGroups/sshtraffic",
            "location": "westeurope",
            "name": "sshtraffic",
            "resource_group_name": "kubernetes_rg",
            "security_rule": [
              {
                "access": "Allow",
                "description": "",
                "destination_address_prefix": "*",
                "destination_address_prefixes": [],
                "destination_application_security_group_ids": [],
                "destination_port_range": "22",
                "destination_port_ranges": [],
                "direction": "Inbound",
                "name": "SSH",
                "priority": 1001,
                "protocol": "Tcp",
                "source_address_prefix": "*",
                "source_address_prefixes": [],
                "source_application_security_group_ids": [],
                "source_port_range": "*",
                "source_port_ranges": []
              }
            ],
            "tags": {
              "environment": "CP2"
            },
            "timeouts": null
          },
          "sensitive_attributes": [],
          "private": "eyJlMmJmYjczMC1lY2FhLTExZTYtOGY4OC0zNDM2M2JjN2M0YzAiOnsiY3JlYXRlIjoxODAwMDAwMDAwMDAwLCJkZWxldGUiOjE4MDAwMDAwMDAwMDAsInJlYWQiOjMwMDAwMDAwMDAwMCwidXBkYXRlIjoxODAwMDAwMDAwMDAwfX0=",
          "dependencies": [
            "azurerm_resource_group.rg"
          ]
        }
      ]
    },
    {
      "mode": "managed",
      "type": "azurerm_public_ip",
      "name": "PublicIp1",
      "provider": "provider[\"registry.terraform.io/hashicorp/azurerm\"]",
      "instances": [
        {
          "schema_version": 0,
          "attributes": {
            "allocation_method": "Dynamic",
            "domain_name_label": null,
            "fqdn": null,
            "id": "/subscriptions/0b73c45e-7ac8-4136-ae30-ce1064834096/resourceGroups/kubernetes_rg/providers/Microsoft.Network/publicIPAddresses/vmip1",
            "idle_timeout_in_minutes": 4,
            "ip_address": "",
            "ip_version": "IPv4",
            "location": "westeurope",
            "name": "vmip1",
            "public_ip_prefix_id": null,
            "resource_group_name": "kubernetes_rg",
            "reverse_fqdn": null,
            "sku": "Basic",
            "tags": {
              "environment": "CP2"
            },
            "timeouts": null,
            "zones": null
          },
          "sensitive_attributes": [],
          "private": "eyJlMmJmYjczMC1lY2FhLTExZTYtOGY4OC0zNDM2M2JjN2M0YzAiOnsiY3JlYXRlIjoxODAwMDAwMDAwMDAwLCJkZWxldGUiOjE4MDAwMDAwMDAwMDAsInJlYWQiOjMwMDAwMDAwMDAwMCwidXBkYXRlIjoxODAwMDAwMDAwMDAwfX0=",
          "dependencies": [
            "azurerm_resource_group.rg"
          ]
        }
      ]
    },
    {
      "mode": "managed",
      "type": "azurerm_public_ip",
      "name": "PublicIp2",
      "provider": "provider[\"registry.terraform.io/hashicorp/azurerm\"]",
      "instances": [
        {
          "schema_version": 0,
          "attributes": {
            "allocation_method": "Dynamic",
            "domain_name_label": null,
            "fqdn": null,
            "id": "/subscriptions/0b73c45e-7ac8-4136-ae30-ce1064834096/resourceGroups/kubernetes_rg/providers/Microsoft.Network/publicIPAddresses/vmip2",
            "idle_timeout_in_minutes": 4,
            "ip_address": "",
            "ip_version": "IPv4",
            "location": "westeurope",
            "name": "vmip2",
            "public_ip_prefix_id": null,
            "resource_group_name": "kubernetes_rg",
            "reverse_fqdn": null,
            "sku": "Basic",
            "tags": {
              "environment": "CP2"
            },
            "timeouts": null,
            "zones": null
          },
          "sensitive_attributes": [],
          "private": "eyJlMmJmYjczMC1lY2FhLTExZTYtOGY4OC0zNDM2M2JjN2M0YzAiOnsiY3JlYXRlIjoxODAwMDAwMDAwMDAwLCJkZWxldGUiOjE4MDAwMDAwMDAwMDAsInJlYWQiOjMwMDAwMDAwMDAwMCwidXBkYXRlIjoxODAwMDAwMDAwMDAwfX0=",
          "dependencies": [
            "azurerm_resource_group.rg"
          ]
        }
      ]
    },
    {
      "mode": "managed",
      "type": "azurerm_public_ip",
      "name": "PublicIp3",
      "provider": "provider[\"registry.terraform.io/hashicorp/azurerm\"]",
      "instances": [
        {
          "schema_version": 0,
          "attributes": {
            "allocation_method": "Dynamic",
            "domain_name_label": null,
            "fqdn": null,
            "id": "/subscriptions/0b73c45e-7ac8-4136-ae30-ce1064834096/resourceGroups/kubernetes_rg/providers/Microsoft.Network/publicIPAddresses/vmip3",
            "idle_timeout_in_minutes": 4,
            "ip_address": "",
            "ip_version": "IPv4",
            "location": "westeurope",
            "name": "vmip3",
            "public_ip_prefix_id": null,
            "resource_group_name": "kubernetes_rg",
            "reverse_fqdn": null,
            "sku": "Basic",
            "tags": {
              "environment": "CP2"
            },
            "timeouts": null,
            "zones": null
          },
          "sensitive_attributes": [],
          "private": "eyJlMmJmYjczMC1lY2FhLTExZTYtOGY4OC0zNDM2M2JjN2M0YzAiOnsiY3JlYXRlIjoxODAwMDAwMDAwMDAwLCJkZWxldGUiOjE4MDAwMDAwMDAwMDAsInJlYWQiOjMwMDAwMDAwMDAwMCwidXBkYXRlIjoxODAwMDAwMDAwMDAwfX0=",
          "dependencies": [
            "azurerm_resource_group.rg"
          ]
        }
      ]
    },
    {
      "mode": "managed",
      "type": "azurerm_resource_group",
      "name": "rg",
      "provider": "provider[\"registry.terraform.io/hashicorp/azurerm\"]",
      "instances": [
        {
          "schema_version": 0,
          "attributes": {
            "id": "/subscriptions/0b73c45e-7ac8-4136-ae30-ce1064834096/resourceGroups/kubernetes_rg",
            "location": "westeurope",
            "name": "kubernetes_rg",
            "tags": {
              "environment": "CP2"
            },
            "timeouts": null
          },
          "sensitive_attributes": [],
          "private": "eyJlMmJmYjczMC1lY2FhLTExZTYtOGY4OC0zNDM2M2JjN2M0YzAiOnsiY3JlYXRlIjo1NDAwMDAwMDAwMDAwLCJkZWxldGUiOjU0MDAwMDAwMDAwMDAsInJlYWQiOjMwMDAwMDAwMDAwMCwidXBkYXRlIjo1NDAwMDAwMDAwMDAwfX0="
        }
      ]
    },
    {
      "mode": "managed",
      "type": "azurerm_storage_account",
      "name": "stAccount",
      "provider": "provider[\"registry.terraform.io/hashicorp/azurerm\"]",
      "instances": [
        {
          "schema_version": 2,
          "attributes": {
            "access_tier": "Hot",
            "account_kind": "StorageV2",
            "account_replication_type": "LRS",
            "account_tier": "Standard",
            "allow_blob_public_access": false,
            "blob_properties": [],
            "custom_domain": [],
            "enable_https_traffic_only": true,
            "id": "/subscriptions/0b73c45e-7ac8-4136-ae30-ce1064834096/resourceGroups/kubernetes_rg/providers/Microsoft.Storage/storageAccounts/staccountrober",
            "identity": [],
            "is_hns_enabled": false,
            "large_file_share_enabled": null,
            "location": "westeurope",
            "min_tls_version": "TLS1_0",
            "name": "staccountrober",
            "network_rules": [
              {
                "bypass": [
                  "AzureServices"
                ],
                "default_action": "Allow",
                "ip_rules": [],
                "virtual_network_subnet_ids": []
              }
            ],
            "primary_access_key": "2Inxmu8vXE+QLhD1FYlBqG9tkl72ReGhYzKmboK4uC2SOxosemxiwkhZO9HYvIHQvlR5msj9QSCQAZOYH6SN3g==",
            "primary_blob_connection_string": "DefaultEndpointsProtocol=https;BlobEndpoint=https://staccountrober.blob.core.windows.net/;AccountName=staccountrober;AccountKey=2Inxmu8vXE+QLhD1FYlBqG9tkl72ReGhYzKmboK4uC2SOxosemxiwkhZO9HYvIHQvlR5msj9QSCQAZOYH6SN3g==",
            "primary_blob_endpoint": "https://staccountrober.blob.core.windows.net/",
            "primary_blob_host": "staccountrober.blob.core.windows.net",
            "primary_connection_string": "DefaultEndpointsProtocol=https;AccountName=staccountrober;AccountKey=2Inxmu8vXE+QLhD1FYlBqG9tkl72ReGhYzKmboK4uC2SOxosemxiwkhZO9HYvIHQvlR5msj9QSCQAZOYH6SN3g==;EndpointSuffix=core.windows.net",
            "primary_dfs_endpoint": "https://staccountrober.dfs.core.windows.net/",
            "primary_dfs_host": "staccountrober.dfs.core.windows.net",
            "primary_file_endpoint": "https://staccountrober.file.core.windows.net/",
            "primary_file_host": "staccountrober.file.core.windows.net",
            "primary_location": "westeurope",
            "primary_queue_endpoint": "https://staccountrober.queue.core.windows.net/",
            "primary_queue_host": "staccountrober.queue.core.windows.net",
            "primary_table_endpoint": "https://staccountrober.table.core.windows.net/",
            "primary_table_host": "staccountrober.table.core.windows.net",
            "primary_web_endpoint": "https://staccountrober.z6.web.core.windows.net/",
            "primary_web_host": "staccountrober.z6.web.core.windows.net",
            "queue_properties": [
              {
                "cors_rule": [],
                "hour_metrics": [
                  {
                    "enabled": true,
                    "include_apis": true,
                    "retention_policy_days": 7,
                    "version": "1.0"
                  }
                ],
                "logging": [
                  {
                    "delete": false,
                    "read": false,
                    "retention_policy_days": 0,
                    "version": "1.0",
                    "write": false
                  }
                ],
                "minute_metrics": [
                  {
                    "enabled": false,
                    "include_apis": false,
                    "retention_policy_days": 0,
                    "version": "1.0"
                  }
                ]
              }
            ],
            "resource_group_name": "kubernetes_rg",
            "secondary_access_key": "B8pV5RBQET0ba0tg6EvD/KYpZNwVaablxkwHpa4RO78V8bxWz28oISjTs9nFRESFXs3u+hx6jrNZpNDyZPUqmA==",
            "secondary_blob_connection_string": "",
            "secondary_blob_endpoint": null,
            "secondary_blob_host": null,
            "secondary_connection_string": "DefaultEndpointsProtocol=https;AccountName=staccountrober;AccountKey=B8pV5RBQET0ba0tg6EvD/KYpZNwVaablxkwHpa4RO78V8bxWz28oISjTs9nFRESFXs3u+hx6jrNZpNDyZPUqmA==;EndpointSuffix=core.windows.net",
            "secondary_dfs_endpoint": null,
            "secondary_dfs_host": null,
            "secondary_file_endpoint": null,
            "secondary_file_host": null,
            "secondary_location": "",
            "secondary_queue_endpoint": null,
            "secondary_queue_host": null,
            "secondary_table_endpoint": null,
            "secondary_table_host": null,
            "secondary_web_endpoint": null,
            "secondary_web_host": null,
            "static_website": [],
            "tags": {
              "environment": "CP2"
            },
            "timeouts": null
          },
          "sensitive_attributes": [],
          "private": "eyJlMmJmYjczMC1lY2FhLTExZTYtOGY4OC0zNDM2M2JjN2M0YzAiOnsiY3JlYXRlIjozNjAwMDAwMDAwMDAwLCJkZWxldGUiOjM2MDAwMDAwMDAwMDAsInJlYWQiOjMwMDAwMDAwMDAwMCwidXBkYXRlIjozNjAwMDAwMDAwMDAwfSwic2NoZW1hX3ZlcnNpb24iOiIyIn0=",
          "dependencies": [
            "azurerm_resource_group.rg"
          ]
        }
      ]
    },
    {
      "mode": "managed",
      "type": "azurerm_subnet",
      "name": "Subnet",
      "provider": "provider[\"registry.terraform.io/hashicorp/azurerm\"]",
      "instances": [
        {
          "schema_version": 0,
          "attributes": {
            "address_prefix": "10.0.1.0/24",
            "address_prefixes": [
              "10.0.1.0/24"
            ],
            "delegation": [],
            "enforce_private_link_endpoint_network_policies": false,
            "enforce_private_link_service_network_policies": false,
            "id": "/subscriptions/0b73c45e-7ac8-4136-ae30-ce1064834096/resourceGroups/kubernetes_rg/providers/Microsoft.Network/virtualNetworks/kubernetesnet/subnets/terraformsubnet",
            "name": "terraformsubnet",
            "resource_group_name": "kubernetes_rg",
            "service_endpoint_policy_ids": null,
            "service_endpoints": null,
            "timeouts": null,
            "virtual_network_name": "kubernetesnet"
          },
          "sensitive_attributes": [],
          "private": "eyJlMmJmYjczMC1lY2FhLTExZTYtOGY4OC0zNDM2M2JjN2M0YzAiOnsiY3JlYXRlIjoxODAwMDAwMDAwMDAwLCJkZWxldGUiOjE4MDAwMDAwMDAwMDAsInJlYWQiOjMwMDAwMDAwMDAwMCwidXBkYXRlIjoxODAwMDAwMDAwMDAwfX0=",
          "dependencies": [
            "azurerm_resource_group.rg",
            "azurerm_virtual_network.Net"
          ]
        }
      ]
    },
    {
      "mode": "managed",
      "type": "azurerm_virtual_machine_data_disk_attachment",
      "name": "source",
      "provider": "provider[\"registry.terraform.io/hashicorp/azurerm\"]",
      "instances": [
        {
          "schema_version": 0,
          "attributes": {
            "caching": "ReadWrite",
            "create_option": "Attach",
            "id": "/subscriptions/0b73c45e-7ac8-4136-ae30-ce1064834096/resourceGroups/kubernetes_rg/providers/Microsoft.Compute/virtualMachines/my-third-azure-vm/dataDisks/sdc",
            "lun": 10,
            "managed_disk_id": "/subscriptions/0b73c45e-7ac8-4136-ae30-ce1064834096/resourceGroups/kubernetes_rg/providers/Microsoft.Compute/disks/sdc",
            "timeouts": null,
            "virtual_machine_id": "/subscriptions/0b73c45e-7ac8-4136-ae30-ce1064834096/resourceGroups/kubernetes_rg/providers/Microsoft.Compute/virtualMachines/my-third-azure-vm",
            "write_accelerator_enabled": false
          },
          "sensitive_attributes": [],
          "private": "eyJlMmJmYjczMC1lY2FhLTExZTYtOGY4OC0zNDM2M2JjN2M0YzAiOnsiY3JlYXRlIjoxODAwMDAwMDAwMDAwLCJkZWxldGUiOjE4MDAwMDAwMDAwMDAsInJlYWQiOjMwMDAwMDAwMDAwMCwidXBkYXRlIjoxODAwMDAwMDAwMDAwfX0=",
          "dependencies": [
            "azurerm_linux_virtual_machine.VM3",
            "azurerm_managed_disk.source",
            "azurerm_network_interface.Nic3",
            "azurerm_public_ip.PublicIp3",
            "azurerm_resource_group.rg",
            "azurerm_storage_account.stAccount",
            "azurerm_subnet.Subnet",
            "azurerm_virtual_network.Net"
          ]
        }
      ]
    },
    {
      "mode": "managed",
      "type": "azurerm_virtual_network",
      "name": "Net",
      "provider": "provider[\"registry.terraform.io/hashicorp/azurerm\"]",
      "instances": [
        {
          "schema_version": 0,
          "attributes": {
            "address_space": [
              "10.0.0.0/16"
            ],
            "bgp_community": "",
            "ddos_protection_plan": [],
            "dns_servers": null,
            "guid": "6d9d81cf-178e-4f0b-971b-70fa7730af85",
            "id": "/subscriptions/0b73c45e-7ac8-4136-ae30-ce1064834096/resourceGroups/kubernetes_rg/providers/Microsoft.Network/virtualNetworks/kubernetesnet",
            "location": "westeurope",
            "name": "kubernetesnet",
            "resource_group_name": "kubernetes_rg",
            "subnet": [],
            "tags": {
              "environment": "CP2"
            },
            "timeouts": null,
            "vm_protection_enabled": false
          },
          "sensitive_attributes": [],
          "private": "eyJlMmJmYjczMC1lY2FhLTExZTYtOGY4OC0zNDM2M2JjN2M0YzAiOnsiY3JlYXRlIjoxODAwMDAwMDAwMDAwLCJkZWxldGUiOjE4MDAwMDAwMDAwMDAsInJlYWQiOjMwMDAwMDAwMDAwMCwidXBkYXRlIjoxODAwMDAwMDAwMDAwfX0=",
          "dependencies": [
            "azurerm_resource_group.rg"
          ]
        }
      ]
    }
  ]
}
